
Microsoft Visual Studio Solution File, Format Version 12.00
# Visual Studio Version 17
VisualStudioVersion = 17.5.33627.172
MinimumVisualStudioVersion = 10.0.40219.1
Project("{FAE04EC0-301F-11D3-BF4B-00C04F79EFBC}") = "ServerSideStateMgtDemo", "ServerSideStateMgtDemo\ServerSideStateMgtDemo.csproj", "{7F1BF49E-1E62-4802-8613-FCC2ADF71FF8}"
EndProject
Global
	GlobalSection(SolutionConfigurationPlatforms) = preSolution
		Debug|Any CPU = Debug|Any CPU
		Release|Any CPU = Release|Any CPU
	EndGlobalSection
	GlobalSection(ProjectConfigurationPlatforms) = postSolution
		{7F1BF49E-1E62-4802-8613-FCC2ADF71FF8}.Debug|Any CPU.ActiveCfg = Debug|Any CPU
		{7F1BF49E-1E62-4802-8613-FCC2ADF71FF8}.Debug|Any CPU.Build.0 = Debug|Any CPU
		{7F1BF49E-1E62-4802-8613-FCC2ADF71FF8}.Release|Any CPU.ActiveCfg = Release|Any CPU
		{7F1BF49E-1E62-4802-8613-FCC2ADF71FF8}.Release|Any CPU.Build.0 = Release|Any CPU
	EndGlobalSection
	GlobalSection(SolutionProperties) = preSolution
		HideSolutionNode = FALSE
	EndGlobalSection
	GlobalSection(ExtensibilityGlobals) = postSolution
		SolutionGuid = {54E6A467-1517-4391-8020-399A93563C02}
	EndGlobalSection
EndGlobal
